
Microsoft Visual Studio Solution File, Format Version 12.00
# Visual Studio Version 16
VisualStudioVersion = 16.0.29806.167
MinimumVisualStudioVersion = 10.0.40219.1
Project("{9A19103F-16F7-4668-BE54-9A1E7A4F7556}") = "ManageServerClient.Web.Blazor", "ManageServerClient.Web.Blazor\ManageServerClient.Web.Blazor.csproj", "{2FCBBC48-3D56-4BF4-A126-63979E2BEAB5}"
EndProject
Project("{FAE04EC0-301F-11D3-BF4B-00C04F79EFBC}") = "ManageServerClient.Shared", "ManageServerClient.Shared\ManageServerClient.Shared.csproj", "{9912E5F2-2BD4-433A-B95A-F01C66554A05}"
EndProject
Project("{FAE04EC0-301F-11D3-BF4B-00C04F79EFBC}") = "ManageServerClient.Web.Razor", "ManageServerClient.Web.Razor\ManageServerClient.Web.Razor.csproj", "{0A8FEACC-C6C0-400E-8315-016AF3826616}"
EndProject
Project("{FAE04EC0-301F-11D3-BF4B-00C04F79EFBC}") = "ManageServerClient.Api.Shared", "ManageServerClient.Api.Shared\ManageServerClient.Api.Shared.csproj", "{F6D1195D-2B75-4A48-8F32-096F127FEB45}"
EndProject
Global
	GlobalSection(SolutionConfigurationPlatforms) = preSolution
		Debug|Any CPU = Debug|Any CPU
		Release|Any CPU = Release|Any CPU
	EndGlobalSection
	GlobalSection(ProjectConfigurationPlatforms) = postSolution
		{2FCBBC48-3D56-4BF4-A126-63979E2BEAB5}.Debug|Any CPU.ActiveCfg = Debug|Any CPU
		{2FCBBC48-3D56-4BF4-A126-63979E2BEAB5}.Debug|Any CPU.Build.0 = Debug|Any CPU
		{2FCBBC48-3D56-4BF4-A126-63979E2BEAB5}.Release|Any CPU.ActiveCfg = Release|Any CPU
		{2FCBBC48-3D56-4BF4-A126-63979E2BEAB5}.Release|Any CPU.Build.0 = Release|Any CPU
		{9912E5F2-2BD4-433A-B95A-F01C66554A05}.Debug|Any CPU.ActiveCfg = Debug|Any CPU
		{9912E5F2-2BD4-433A-B95A-F01C66554A05}.Debug|Any CPU.Build.0 = Debug|Any CPU
		{9912E5F2-2BD4-433A-B95A-F01C66554A05}.Release|Any CPU.ActiveCfg = Release|Any CPU
		{9912E5F2-2BD4-433A-B95A-F01C66554A05}.Release|Any CPU.Build.0 = Release|Any CPU
		{0A8FEACC-C6C0-400E-8315-016AF3826616}.Debug|Any CPU.ActiveCfg = Debug|Any CPU
		{0A8FEACC-C6C0-400E-8315-016AF3826616}.Debug|Any CPU.Build.0 = Debug|Any CPU
		{0A8FEACC-C6C0-400E-8315-016AF3826616}.Release|Any CPU.ActiveCfg = Release|Any CPU
		{0A8FEACC-C6C0-400E-8315-016AF3826616}.Release|Any CPU.Build.0 = Release|Any CPU
		{F6D1195D-2B75-4A48-8F32-096F127FEB45}.Debug|Any CPU.ActiveCfg = Debug|Any CPU
		{F6D1195D-2B75-4A48-8F32-096F127FEB45}.Debug|Any CPU.Build.0 = Debug|Any CPU
		{F6D1195D-2B75-4A48-8F32-096F127FEB45}.Release|Any CPU.ActiveCfg = Release|Any CPU
		{F6D1195D-2B75-4A48-8F32-096F127FEB45}.Release|Any CPU.Build.0 = Release|Any CPU
	EndGlobalSection
	GlobalSection(SolutionProperties) = preSolution
		HideSolutionNode = FALSE
	EndGlobalSection
	GlobalSection(ExtensibilityGlobals) = postSolution
		SolutionGuid = {B4B4B697-826F-4884-9898-D0A7046BD0A1}
	EndGlobalSection
EndGlobal
